{
  "_": "ختم تجميد النواة — المادة 1/41/100. لا يُعدَّل يدويًا إطلاقًا.",
  "core_version": "1.6.0",
  "sealed_at": "2026-07-23T14:02:42+00:00",
  "algorithm": "sha256",
  "root_digest": "865074aa35ac27cc3453949351981043aade6cf3dfc35f2e1ec664a781bababd",
  "file_count": 23,
  "previous_root_digest": "11b03c6c89a9da187a0302eab7c90db74f4b40497d50dd0f87298b145b398041",
  "files": {
    "core/__init__.py": "a9ef66729769e38ddcbf7bdda5bb520cec489d7f3f63aeca145b071be41cf8d8",
    "core/__version__.py": "cb6a871a6066dfb7ac46b1ca995a50b628dc70a399724648e7d67b2895677233",
    "core/api/__init__.py": "ed65b90df7e58a7d8548c543ae596df49cb12c491d95d405ab3c0793b93d337c",
    "core/api/app.py": "3fb244bbed8540c484b854dae0a46b07f6f12d5e60b388c95dcca987a39f58ef",
    "core/api/dashboard.html": "d39a3200c04451c6e7e4ad3600147c5feb17e4d4433a68e92f41f87a9c7a72ea",
    "core/bootloader.py": "9a95cac7afdd01f8b2559a1b4f18c64af4788519a25a0c6dbbcb246129bdc7f8",
    "core/config.py": "3053d4f3d2f62b93ad0106b2425eef3c77dc3088a79dd72b1c1184bbb70fa89a",
    "core/contracts/__init__.py": "0e717f233cdece5da3ec7811712be66829797bae9a7ea665c7ab1e0308e1e65a",
    "core/contracts/atom.py": "5213e07663e7b5d339f5553c2948cc844f8de39733a3a1ea0da638e732bd5924",
    "core/contracts/manifest.py": "e92a5c266190580167b50c5e32d7e9aa1597132f17fc6d8652c7d7b63c942fa2",
    "core/contracts/services.py": "0bd690f939bb1d10bcc8d97276b025765c9924ded68e438813c9d234e5a03e3c",
    "core/dependency_resolver.py": "98961fdac14dbb0e83ea0fd4f39c911393b00723072f01ccc6f7be124356f699",
    "core/errors.py": "2fb9f8ceec15583402ac540e9daf89e7efaf7e38469cd760ca933aaa8da93f18",
    "core/event_bus.py": "f277f2e6a3e9681becec67efbb1683483302b644265923f263657c0224562ab3",
    "core/health_manager.py": "9809cea078e1609437b770ca979c88da632fe80074973cbf3f7c2228af62b3c6",
    "core/hot_reload_service.py": "33300e7c7a49fb7f51bcdf1a876b54e96d0ad3c18890d74bb323881769ef6156",
    "core/journal.py": "b9657bb27daa7778450ac4e152bf0ff597bc770d4f1c940d9979d51f570e7491",
    "core/logger.py": "3dd779faff65c6ba11d025978d265e5fabc44bec48cdf0c0e286486f02dca0b6",
    "core/manifest_loader.py": "90a5aa7c04e82ab83419b74b3387a1a8226c740ef8f94840406b6aadbc239f39",
    "core/metrics.py": "f93e6f58fdead6c988654dec21712261dbe01cdc6672e0c96152ad7cb6b93734",
    "core/registry.py": "a7859de07a9cf7a1aec150a1add497b55a3b349b546b920f121ece0ad6a1bb8d",
    "core/snapshot_engine.py": "8e5cd7089b65e856823338c8ee698d7c35636018390a5f944bb4a23859c23db2",
    "core/version_manager.py": "a3f9dc91ab4ee8517d0138696a3bc363d967cee95c64e826cc1ad4f75e4bf209"
  }
}
